
Microsoft Visual Studio Solution File, Format Version 12.00
# Visual Studio Version 16
VisualStudioVersion = 16.0.31019.35
MinimumVisualStudioVersion = 10.0.40219.1
Project("{8BC9CEB8-8B4A-11D0-8D11-00A0C91BC942}") = "SudokuSolver", "SudokuSolver.vcxproj", "{DF85FA5D-4AD9-4BC4-AD5F-3C31FC05DA09}"
EndProject
Global
	GlobalSection(SolutionConfigurationPlatforms) = preSolution
		Debug|x64 = Debug|x64
		Debug|x86 = Debug|x86
		Release|x64 = Release|x64
		Release|x86 = Release|x86
	EndGlobalSection
	GlobalSection(ProjectConfigurationPlatforms) = postSolution
		{DF85FA5D-4AD9-4BC4-AD5F-3C31FC05DA09}.Debug|x64.ActiveCfg = Debug|x64
		{DF85FA5D-4AD9-4BC4-AD5F-3C31FC05DA09}.Debug|x64.Build.0 = Debug|x64
		{DF85FA5D-4AD9-4BC4-AD5F-3C31FC05DA09}.Debug|x86.ActiveCfg = Debug|Win32
		{DF85FA5D-4AD9-4BC4-AD5F-3C31FC05DA09}.Debug|x86.Build.0 = Debug|Win32
		{DF85FA5D-4AD9-4BC4-AD5F-3C31FC05DA09}.Release|x64.ActiveCfg = Release|x64
		{DF85FA5D-4AD9-4BC4-AD5F-3C31FC05DA09}.Release|x64.Build.0 = Release|x64
		{DF85FA5D-4AD9-4BC4-AD5F-3C31FC05DA09}.Release|x86.ActiveCfg = Release|Win32
		{DF85FA5D-4AD9-4BC4-AD5F-3C31FC05DA09}.Release|x86.Build.0 = Release|Win32
	EndGlobalSection
	GlobalSection(SolutionProperties) = preSolution
		HideSolutionNode = FALSE
	EndGlobalSection
	GlobalSection(ExtensibilityGlobals) = postSolution
		SolutionGuid = {769998D9-2495-40A5-9859-BCF80BB89C26}
	EndGlobalSection
EndGlobal
